PODS:
  - Alamofire (4.0.1)
  - BPStatusBarAlert (0.1.0)
  - GoogleMaps (2.1.1):
    - GoogleMaps/Maps (= 2.1.1)
  - GoogleMaps/Base (2.1.1)
  - GoogleMaps/Maps (2.1.1):
    - GoogleMaps/Base
  - Hero (0.1.1)
  - ModelMapper (5.0.0)
  - Moya (8.0.0-beta.2):
    - Moya/Core (= 8.0.0-beta.2)
  - Moya-ModelMapper/Core (4.0.0-beta.1):
    - ModelMapper (= 5.0.0)
    - Moya (= 8.0.0-beta.2)
  - Moya-ModelMapper/RxSwift (4.0.0-beta.1):
    - Moya-ModelMapper/Core
    - Moya/RxSwift (= 8.0.0-beta.2)
    - RxSwift (= 3.0.0-beta.2)
  - Moya/Core (8.0.0-beta.2):
    - Alamofire (~> 4.0.0)
    - Result
  - Moya/RxSwift (8.0.0-beta.2):
    - Moya/Core
    - RxSwift
  - PKHUD (4.2.0)
  - Realm (2.4.1):
    - Realm/Headers (= 2.4.1)
  - Realm/Headers (2.4.1)
  - RealmSwift (2.4.1):
    - Realm (= 2.4.1)
  - Result (3.1.0)
  - RxCocoa (3.0.0-beta.2):
    - RxSwift (~> 3.0.0-beta.2)
  - RxOptional (3.1.3):
    - RxCocoa
    - RxSwift
  - RxSwift (3.0.0-beta.2)
  - SwiftyUserDefaults (3.0.0)

DEPENDENCIES:
  - BPStatusBarAlert
  - GoogleMaps
  - Hero
  - Moya-ModelMapper/RxSwift (= 4.0.0-beta.1)
  - Moya/RxSwift
  - PKHUD (~> 4.0)
  - RealmSwift
  - RxCocoa (= 3.0.0-beta.2)
  - RxOptional
  - RxSwift (= 3.0.0-beta.2)
  - SwiftyUserDefaults

SPEC CHECKSUMS:
  Alamofire: 7682d43245de14874acd142ec137b144aa1dd335
  BPStatusBarAlert: e82a4a236e20301d8776c64661912353e9b94254
  GoogleMaps: a5b5bbe47734e2443bde781a6aa64e69fdb6d785
  Hero: b855122bc80662e7446300ca18c9e4bcb0679540
  ModelMapper: 89ced1f51ec6360e93f6889d08c818d4cad526a3
  Moya: 920d40f738e6f4ece84010cec701bb9693be8251
  Moya-ModelMapper: 79671c17bed1e7943a5d11529ea61a1b6a266792
  PKHUD: 48af884cf00c2213b0313b739d914e6cab1c0f5e
  Realm: 37a5198a197598d9ec0e4d1ae2f64924c86eeb9a
  RealmSwift: d69e431b79a41acdf14c404b868ae1c2458916e1
  Result: 4e3ed5995ed94d0cd6a09be9a431fce3f3624bbf
  RxCocoa: 1dd105d8a4e18034ccd7bd6d136445363ce67c8e
  RxOptional: b97b59183af80d1e729ac9e51d09a10be668d6a8
  RxSwift: 0ea939d7d97cb70657190ffde8dc2a9b455778fc
  SwiftyUserDefaults: 0f1d45fc3aafb9064dac661e367f8f83fe21a4b4

PODFILE CHECKSUM: 52fdbfe82a8e0a0bcec5e5134c5ccd4e134024ec

COCOAPODS: 1.2.0.beta.3
